
Microsoft Visual Studio Solution File, Format Version 12.00
# Visual Studio Version 16
VisualStudioVersion = 16.0.32428.217
MinimumVisualStudioVersion = 10.0.40219.1
Project("{FAE04EC0-301F-11D3-BF4B-00C04F79EFBC}") = "GUI_2022_23_01_DIE2VA", "GUI_2022_23_01_DIE2VA\GUI_2022_23_01_DIE2VA.csproj", "{4AB6748E-D867-411D-9D14-94EBDEF2C675}"
EndProject
Global
	GlobalSection(SolutionConfigurationPlatforms) = preSolution
		Debug|Any CPU = Debug|Any CPU
		Release|Any CPU = Release|Any CPU
	EndGlobalSection
	GlobalSection(ProjectConfigurationPlatforms) = postSolution
		{4AB6748E-D867-411D-9D14-94EBDEF2C675}.Debug|Any CPU.ActiveCfg = Debug|Any CPU
		{4AB6748E-D867-411D-9D14-94EBDEF2C675}.Debug|Any CPU.Build.0 = Debug|Any CPU
		{4AB6748E-D867-411D-9D14-94EBDEF2C675}.Release|Any CPU.ActiveCfg = Release|Any CPU
		{4AB6748E-D867-411D-9D14-94EBDEF2C675}.Release|Any CPU.Build.0 = Release|Any CPU
	EndGlobalSection
	GlobalSection(SolutionProperties) = preSolution
		HideSolutionNode = FALSE
	EndGlobalSection
	GlobalSection(ExtensibilityGlobals) = postSolution
		SolutionGuid = {379652B9-FAFF-424A-BE76-C6DA6C57043C}
	EndGlobalSection
EndGlobal
