
Microsoft Visual Studio Solution File, Format Version 12.00
# Visual Studio Version 16
VisualStudioVersion = 16.0.31911.196
MinimumVisualStudioVersion = 10.0.40219.1
Project("{FAE04EC0-301F-11D3-BF4B-00C04F79EFBC}") = "GUI_FF", "GUI_FF\GUI_FF.csproj", "{ED7C7CFB-D31A-4329-A303-8B6BD8F006F1}"
EndProject
Project("{FAE04EC0-301F-11D3-BF4B-00C04F79EFBC}") = "GameLogic", "GameLogic\GameLogic.csproj", "{D8D09AEC-5BD4-4AB6-8364-47C16286579F}"
EndProject
Project("{FAE04EC0-301F-11D3-BF4B-00C04F79EFBC}") = "GameModel", "GameModel\GameModel.csproj", "{7511FC3C-A666-419E-AA6B-668831C586BC}"
EndProject
Project("{FAE04EC0-301F-11D3-BF4B-00C04F79EFBC}") = "GameRepository", "GameRepository\GameRepository.csproj", "{E0F37109-D6B5-4EA2-9FFC-376A2F6BC109}"
EndProject
Global
	GlobalSection(SolutionConfigurationPlatforms) = preSolution
		Debug|Any CPU = Debug|Any CPU
		Release|Any CPU = Release|Any CPU
	EndGlobalSection
	GlobalSection(ProjectConfigurationPlatforms) = postSolution
		{ED7C7CFB-D31A-4329-A303-8B6BD8F006F1}.Debug|Any CPU.ActiveCfg = Debug|Any CPU
		{ED7C7CFB-D31A-4329-A303-8B6BD8F006F1}.Debug|Any CPU.Build.0 = Debug|Any CPU
		{ED7C7CFB-D31A-4329-A303-8B6BD8F006F1}.Release|Any CPU.ActiveCfg = Release|Any CPU
		{ED7C7CFB-D31A-4329-A303-8B6BD8F006F1}.Release|Any CPU.Build.0 = Release|Any CPU
		{D8D09AEC-5BD4-4AB6-8364-47C16286579F}.Debug|Any CPU.ActiveCfg = Debug|Any CPU
		{D8D09AEC-5BD4-4AB6-8364-47C16286579F}.Debug|Any CPU.Build.0 = Debug|Any CPU
		{D8D09AEC-5BD4-4AB6-8364-47C16286579F}.Release|Any CPU.ActiveCfg = Release|Any CPU
		{D8D09AEC-5BD4-4AB6-8364-47C16286579F}.Release|Any CPU.Build.0 = Release|Any CPU
		{7511FC3C-A666-419E-AA6B-668831C586BC}.Debug|Any CPU.ActiveCfg = Debug|Any CPU
		{7511FC3C-A666-419E-AA6B-668831C586BC}.Debug|Any CPU.Build.0 = Debug|Any CPU
		{7511FC3C-A666-419E-AA6B-668831C586BC}.Release|Any CPU.ActiveCfg = Release|Any CPU
		{7511FC3C-A666-419E-AA6B-668831C586BC}.Release|Any CPU.Build.0 = Release|Any CPU
		{E0F37109-D6B5-4EA2-9FFC-376A2F6BC109}.Debug|Any CPU.ActiveCfg = Debug|Any CPU
		{E0F37109-D6B5-4EA2-9FFC-376A2F6BC109}.Debug|Any CPU.Build.0 = Debug|Any CPU
		{E0F37109-D6B5-4EA2-9FFC-376A2F6BC109}.Release|Any CPU.ActiveCfg = Release|Any CPU
		{E0F37109-D6B5-4EA2-9FFC-376A2F6BC109}.Release|Any CPU.Build.0 = Release|Any CPU
	EndGlobalSection
	GlobalSection(SolutionProperties) = preSolution
		HideSolutionNode = FALSE
	EndGlobalSection
	GlobalSection(ExtensibilityGlobals) = postSolution
		SolutionGuid = {B836AEB8-66C4-4356-90A1-E43A8741D83A}
	EndGlobalSection
EndGlobal
